
Microsoft Visual Studio Solution File, Format Version 12.00
# Visual Studio Version 16
VisualStudioVersion = 16.0.29001.49
MinimumVisualStudioVersion = 10.0.40219.1
Project("{FAE04EC0-301F-11D3-BF4B-00C04F79EFBC}") = "HostelApp", "HostelApp\HostelApp.csproj", "{6C881BD9-46F8-4096-949D-B62DD60FBDEA}"
EndProject
Global
	GlobalSection(SolutionConfigurationPlatforms) = preSolution
		Debug|Any CPU = Debug|Any CPU
		Release|Any CPU = Release|Any CPU
	EndGlobalSection
	GlobalSection(ProjectConfigurationPlatforms) = postSolution
		{6C881BD9-46F8-4096-949D-B62DD60FBDEA}.Debug|Any CPU.ActiveCfg = Debug|Any CPU
		{6C881BD9-46F8-4096-949D-B62DD60FBDEA}.Debug|Any CPU.Build.0 = Debug|Any CPU
		{6C881BD9-46F8-4096-949D-B62DD60FBDEA}.Release|Any CPU.ActiveCfg = Release|Any CPU
		{6C881BD9-46F8-4096-949D-B62DD60FBDEA}.Release|Any CPU.Build.0 = Release|Any CPU
	EndGlobalSection
	GlobalSection(SolutionProperties) = preSolution
		HideSolutionNode = FALSE
	EndGlobalSection
	GlobalSection(ExtensibilityGlobals) = postSolution
		SolutionGuid = {C2002CE1-E935-4855-9B15-6F3630691BB8}
	EndGlobalSection
EndGlobal
